
Microsoft Visual Studio Solution File, Format Version 12.00
# Visual Studio Version 17
VisualStudioVersion = 17.3.32825.248
MinimumVisualStudioVersion = 10.0.40219.1
Project("{FAE04EC0-301F-11D3-BF4B-00C04F79EFBC}") = "FootballPlayers", "FootballPlayers\FootballPlayers.csproj", "{67327D69-01AC-49D1-A03D-1F17686DB0A0}"
EndProject
Project("{FAE04EC0-301F-11D3-BF4B-00C04F79EFBC}") = "FootballPlayersTests", "FootballPlayersTests\FootballPlayersTests.csproj", "{8180B712-CDAC-49F6-BEBC-87B099A7FCB2}"
EndProject
Global
	GlobalSection(SolutionConfigurationPlatforms) = preSolution
		Debug|Any CPU = Debug|Any CPU
		Release|Any CPU = Release|Any CPU
	EndGlobalSection
	GlobalSection(ProjectConfigurationPlatforms) = postSolution
		{67327D69-01AC-49D1-A03D-1F17686DB0A0}.Debug|Any CPU.ActiveCfg = Debug|Any CPU
		{67327D69-01AC-49D1-A03D-1F17686DB0A0}.Debug|Any CPU.Build.0 = Debug|Any CPU
		{67327D69-01AC-49D1-A03D-1F17686DB0A0}.Release|Any CPU.ActiveCfg = Release|Any CPU
		{67327D69-01AC-49D1-A03D-1F17686DB0A0}.Release|Any CPU.Build.0 = Release|Any CPU
		{8180B712-CDAC-49F6-BEBC-87B099A7FCB2}.Debug|Any CPU.ActiveCfg = Debug|Any CPU
		{8180B712-CDAC-49F6-BEBC-87B099A7FCB2}.Debug|Any CPU.Build.0 = Debug|Any CPU
		{8180B712-CDAC-49F6-BEBC-87B099A7FCB2}.Release|Any CPU.ActiveCfg = Release|Any CPU
		{8180B712-CDAC-49F6-BEBC-87B099A7FCB2}.Release|Any CPU.Build.0 = Release|Any CPU
	EndGlobalSection
	GlobalSection(SolutionProperties) = preSolution
		HideSolutionNode = FALSE
	EndGlobalSection
	GlobalSection(ExtensibilityGlobals) = postSolution
		SolutionGuid = {6E671332-9395-4FDB-BB9E-9CF090687E87}
	EndGlobalSection
EndGlobal
